
Microsoft Visual Studio Solution File, Format Version 12.00
# Visual Studio Version 17
VisualStudioVersion = 17.0.32014.148
MinimumVisualStudioVersion = 10.0.40219.1
Project("{FAE04EC0-301F-11D3-BF4B-00C04F79EFBC}") = "CourDuSoirBackEnd", "CourDuSoirBackEnd.csproj", "{6BE46075-107A-46EC-AA1E-E1BFAC032649}"
EndProject
Global
	GlobalSection(SolutionConfigurationPlatforms) = preSolution
		Debug|Any CPU = Debug|Any CPU
		Release|Any CPU = Release|Any CPU
	EndGlobalSection
	GlobalSection(ProjectConfigurationPlatforms) = postSolution
		{6BE46075-107A-46EC-AA1E-E1BFAC032649}.Debug|Any CPU.ActiveCfg = Debug|Any CPU
		{6BE46075-107A-46EC-AA1E-E1BFAC032649}.Debug|Any CPU.Build.0 = Debug|Any CPU
		{6BE46075-107A-46EC-AA1E-E1BFAC032649}.Release|Any CPU.ActiveCfg = Release|Any CPU
		{6BE46075-107A-46EC-AA1E-E1BFAC032649}.Release|Any CPU.Build.0 = Release|Any CPU
	EndGlobalSection
	GlobalSection(SolutionProperties) = preSolution
		HideSolutionNode = FALSE
	EndGlobalSection
	GlobalSection(ExtensibilityGlobals) = postSolution
		SolutionGuid = {AF2BA331-DDAC-4AA2-ACA1-C6F328054244}
	EndGlobalSection
EndGlobal
